
Microsoft Visual Studio Solution File, Format Version 12.00
# Visual Studio Version 17
VisualStudioVersion = 17.7.34031.279
MinimumVisualStudioVersion = 10.0.40219.1
Project("{FAE04EC0-301F-11D3-BF4B-00C04F79EFBC}") = "lab3mp3", "lab3mp3\lab3mp3.csproj", "{1719588A-86A9-4FF1-97D6-007F847AB272}"
EndProject
Global
	GlobalSection(SolutionConfigurationPlatforms) = preSolution
		Debug|Any CPU = Debug|Any CPU
		Release|Any CPU = Release|Any CPU
	EndGlobalSection
	GlobalSection(ProjectConfigurationPlatforms) = postSolution
		{1719588A-86A9-4FF1-97D6-007F847AB272}.Debug|Any CPU.ActiveCfg = Debug|Any CPU
		{1719588A-86A9-4FF1-97D6-007F847AB272}.Debug|Any CPU.Build.0 = Debug|Any CPU
		{1719588A-86A9-4FF1-97D6-007F847AB272}.Release|Any CPU.ActiveCfg = Release|Any CPU
		{1719588A-86A9-4FF1-97D6-007F847AB272}.Release|Any CPU.Build.0 = Release|Any CPU
	EndGlobalSection
	GlobalSection(SolutionProperties) = preSolution
		HideSolutionNode = FALSE
	EndGlobalSection
	GlobalSection(ExtensibilityGlobals) = postSolution
		SolutionGuid = {62E65FB4-A75C-43D3-890A-3CAA8C7D3795}
	EndGlobalSection
EndGlobal
